# THIS IS AN AUTOGENERATED FILE. DO NOT EDIT THIS FILE DIRECTLY.
# yarn lockfile v1


"@types/lodash@^4.14.79":
  version "4.14.80"
  resolved "https://registry.yarnpkg.com/@types/lodash/-/lodash-4.14.80.tgz#a6b8b7900e6a7dcbc2e90d9b6dfbe3f6a7f69951"

lodash@3.10.1:
  version "3.10.1"
  resolved "https://registry.yarnpkg.com/lodash/-/lodash-3.10.1.tgz#5bf45e8e49ba4189e17d482789dfd15bd140b7b6"

lodash@^4.17.4:
  version "4.17.4"
  resolved "https://registry.yarnpkg.com/lodash/-/lodash-4.17.4.tgz#78203a4d1c328ae1d86dca6460e369b57f4055ae"

typescript-workspace-plugin@^1.0.2:
  version "1.0.2"
  resolved "https://registry.yarnpkg.com/typescript-workspace-plugin/-/typescript-workspace-plugin-1.0.2.tgz#3a95889ca0174c0ddd807afdb26b75fb79da520c"

typescript@^2.6.1:
  version "2.6.1"
  resolved "https://registry.yarnpkg.com/typescript/-/typescript-2.6.1.tgz#ef39cdea27abac0b500242d6726ab90e0c846631"
